<?xml version="1.0" encoding="UTF-8" standalone="yes" ?>
<CodeBlocks_project_file>
	<FileVersion major="1" minor="6" />
	<Project>
		<Option title="lifegame_sdl" />
		<Option pch_mode="2" />
		<Option compiler="gcc" />
		<Build>
			<Target title="Release">
				<Option output="bin\Release\lifegame_sdl" prefix_auto="1" extension_auto="1" />
				<Option object_output="obj\Release\" />
				<Option type="1" />
				<Option compiler="gcc" />
				<Compiler>
					<Add option="-O3" />
				</Compiler>
				<Linker>
					<Add option="-s" />
				</Linker>
			</Target>
			<Target title="Release64">
				<Option output="bin\Release64\lifegame_sdl_64" prefix_auto="1" extension_auto="1" />
				<Option object_output="obj\Release64\" />
				<Option type="1" />
				<Option compiler="gcc" />
				<Compiler>
					<Add option="-O3" />
					<Add directory="C:\libs\cpp\SDLw64\include" />
				</Compiler>
				<Linker>
					<Add option="-s" />
					<Add directory="C:\libs\cpp\SDLw64\lib" />
				</Linker>
			</Target>
		</Build>
		<Compiler>
			<Add option="-Wall" />
			<Add directory="C:\libs\cpp\SDL\include" />
		</Compiler>
		<Linker>
			<Add library="mingw32" />
			<Add library="SDLmain" />
			<Add library="SDL" />
			<Add library="user32" />
			<Add library="gdi32" />
			<Add library="winmm" />
			<Add library="dxguid" />
			<Add library="opengl32" />
			<Add directory="C:\libs\cpp\SDL\lib" />
		</Linker>
		<Unit filename="cb.bmp">
			<Option target="Release" />
		</Unit>
		<Unit filename="game.cpp" />
		<Unit filename="game.hpp" />
		<Unit filename="main.cpp" />
		<Unit filename="model.hpp" />
		<Extensions>
			<code_completion />
			<envvars />
			<debugger />
		</Extensions>
	</Project>
</CodeBlocks_project_file>
