<?xml version="1.0" encoding="UTF-8" standalone="yes" ?>
<CodeBlocks_project_file>
	<FileVersion major="1" minor="6" />
	<Project>
		<Option title="telnet" />
		<Option pch_mode="2" />
		<Option compiler="gcc" />
		<Build>
			<Target title="Release">
				<Option output="bin\Release\telnet" prefix_auto="1" extension_auto="1" />
				<Option object_output="obj\Release\" />
				<Option type="1" />
				<Option compiler="gcc" />
				<Compiler>
					<Add option="-O2" />
					<Add option="-Wmain" />
					<Add option="-Wall" />
					<Add option="-D_WIN32_WINNT=0x0501" />
					<Add option="-DBOOST_ASIO_DISABLE_IOCP" />
					<Add option="-DBOOST_HAS_GCC_TR1" />
				</Compiler>
				<Linker>
					<Add option="-s" />
					<Add library="boost_date_time-mgw45-mt-1_43" />
					<Add library="boost_system-mgw45-mt-1_43" />
					<Add library="boost_thread-mgw45-mt-1_43" />
					<Add library="wsock32" />
					<Add library="ws2_32" />
				</Linker>
			</Target>
		</Build>
		<Compiler>
			<Add option="-Wall" />
		</Compiler>
		<Unit filename="telnet.cpp" />
		<Extensions>
			<code_completion />
			<envvars />
			<debugger />
		</Extensions>
	</Project>
</CodeBlocks_project_file>
