
Microsoft Visual Studio Solution File, Format Version 11.00
# Visual C++ Express 2010
Project("{8BC9CEB8-8B4A-11D0-8D11-00A0C91BC942}") = "boost_object_pool", "boost_object_pool.vcxproj", "{2DD48E8B-70EB-418D-BF11-BAE425F03D44}"
EndProject
Global
	GlobalSection(SolutionConfigurationPlatforms) = preSolution
		Debug|Win32 = Debug|Win32
		Release|Win32 = Release|Win32
	EndGlobalSection
	GlobalSection(ProjectConfigurationPlatforms) = postSolution
		{2DD48E8B-70EB-418D-BF11-BAE425F03D44}.Debug|Win32.ActiveCfg = Debug|Win32
		{2DD48E8B-70EB-418D-BF11-BAE425F03D44}.Debug|Win32.Build.0 = Debug|Win32
		{2DD48E8B-70EB-418D-BF11-BAE425F03D44}.Release|Win32.ActiveCfg = Release|Win32
		{2DD48E8B-70EB-418D-BF11-BAE425F03D44}.Release|Win32.Build.0 = Release|Win32
	EndGlobalSection
	GlobalSection(SolutionProperties) = preSolution
		HideSolutionNode = FALSE
	EndGlobalSection
EndGlobal
