<?xml version="1.0" encoding="UTF-8" standalone="yes" ?>
<CodeBlocks_project_file>
	<FileVersion major="1" minor="6" />
	<Project>
		<Option title="testttt" />
		<Option pch_mode="2" />
		<Option compiler="gcc" />
		<Build>
			<Target title="Release">
				<Option output="bin\Release\testttt" prefix_auto="1" extension_auto="1" />
				<Option object_output="obj\Release\" />
				<Option type="1" />
				<Option compiler="gcc" />
				<Compiler>
					<Add option="-O2" />
					<Add option="-std=c++98" />
					<Add option="-Wall" />
					<Add directory="." />
					<Add directory="c:\libs\cpp\ggpo\include" />
				</Compiler>
				<Linker>
					<Add option="-s" />
					<Add library="boost_thread-mgw46-mt-1_48" />
					<Add library="c:\libs\cpp\ggpo\lib\ggponet.lib" />
					<Add library="ws2_32" />
					<Add library="winmm" />
				</Linker>
			</Target>
			<Target title="Debug">
				<Option output="bin\Debug\testttt" prefix_auto="1" extension_auto="1" />
				<Option object_output="obj\Debug" />
				<Option type="1" />
				<Option compiler="gcc" />
				<Compiler>
					<Add option="-Wall" />
					<Add option="-g" />
					<Add directory="." />
					<Add directory="c:\libs\cpp\ggpo\include" />
				</Compiler>
				<Linker>
					<Add library="boost_thread-mgw46-mt-1_48" />
					<Add library="c:\libs\cpp\ggpo\lib\ggponet.lib" />
					<Add library="ws2_32" />
					<Add library="winmm" />
				</Linker>
			</Target>
		</Build>
		<Compiler>
			<Add option="-Wall" />
		</Compiler>
		<Unit filename="Conf.hpp" />
		<Unit filename="Cube.cpp" />
		<Unit filename="Cube.hpp" />
		<Unit filename="Logger.hpp" />
		<Unit filename="Map.hpp" />
		<Unit filename="ObjectPool.cpp" />
		<Unit filename="ObjectPool.hpp" />
		<Unit filename="loki\Singleton.h" />
		<Unit filename="main.cpp">
			<Option compile="0" />
			<Option link="0" />
			<Option target="Release" />
		</Unit>
		<Unit filename="main2.cpp">
			<Option compile="0" />
			<Option link="0" />
			<Option target="Release" />
		</Unit>
		<Unit filename="main3.cpp">
			<Option link="0" />
		</Unit>
		<Unit filename="main4.cpp" />
		<Unit filename="utils\pool\detail\guard.hpp" />
		<Unit filename="utils\pool\detail\mutex.hpp" />
		<Unit filename="utils\pool\object_pool.hpp" />
		<Unit filename="utils\pool\pool.hpp" />
		<Unit filename="utils\pool\pool_alloc.hpp" />
		<Unit filename="utils\pool\poolfwd.hpp" />
		<Unit filename="utils\pool\simple_segregated_storage.hpp" />
		<Unit filename="utils\pool\singleton_pool.hpp" />
		<Extensions>
			<code_completion />
			<envvars />
			<debugger />
		</Extensions>
	</Project>
</CodeBlocks_project_file>
