<?xml version="1.0" encoding="UTF-8" standalone="yes" ?>
<CodeBlocks_project_file>
	<FileVersion major="1" minor="6" />
	<Project>
		<Option title="binding_test" />
		<Option pch_mode="2" />
		<Option compiler="gcc" />
		<Build>
			<Target title="Release">
				<Option output="binding_test" prefix_auto="1" extension_auto="1" />
				<Option object_output="obj" />
				<Option type="1" />
				<Option compiler="gcc" />
				<Compiler>
					<Add option="-O2" />
					<Add directory="C:\lang\luarocks\2.0\include" />
				</Compiler>
				<Linker>
					<Add option="-s" />
					<Add library="lua" />
					<Add directory="C:\lang\lua-5.1.4\lib\" />
				</Linker>
			</Target>
		</Build>
		<Compiler>
			<Add option="-Wall" />
			<Add option="-fexceptions" />
		</Compiler>
		<Unit filename="basic_type_binding.cpp" />
		<Unit filename="binding1.cpp" />
		<Unit filename="binding2.cpp">
			<Option link="0" />
		</Unit>
		<Unit filename="binding_test.hpp" />
		<Unit filename="main.cpp">
			<Option link="0" />
		</Unit>
		<Unit filename="main2.cpp" />
		<Unit filename="minimal_interpreter.cpp" />
		<Unit filename="stack.cpp">
			<Option link="0" />
		</Unit>
		<Unit filename="storing_state.cpp" />
		<Extensions>
			<code_completion />
			<envvars />
			<debugger />
			<lib_finder disable_auto="1" />
		</Extensions>
	</Project>
</CodeBlocks_project_file>
